# This file is automatically @generated by Cargo.
# It is not intended for manual editing.
version = 3

[[package]]
name = "ardan_2023_07_24_live"
version = "0.1.0"

[[package]]
name = "atomic_reference_count"
version = "0.1.0"

[[package]]
name = "borrow_lifetimes"
version = "0.1.0"

[[package]]
name = "borrowing"
version = "0.1.0"

[[package]]
name = "cloning"
version = "0.1.0"

[[package]]
name = "copyable"
version = "0.1.0"

[[package]]
name = "dropping"
version = "0.1.0"

[[package]]
name = "hello_world"
version = "0.1.0"

[[package]]
name = "lazy"
version = "0.1.0"
dependencies = [
 "once_cell",
]

[[package]]
name = "mutable_shared"
version = "0.1.0"

[[package]]
name = "mutable_shared_atomic"
version = "0.1.0"

[[package]]
name = "mutable_sharing_mutex"
version = "0.1.0"

[[package]]
name = "mutable_sharing_rwlock"
version = "0.1.0"

[[package]]
name = "once_cell"
version = "1.18.0"
source = "registry+https://github.com/rust-lang/crates.io-index"
checksum = "dd8b5dd2ae5ed71462c540258bedcb51965123ad7e7ccf4b9a8cafaa4a63576d"

[[package]]
name = "ownership_move"
version = "0.1.0"

[[package]]
name = "reference_count"
version = "0.1.0"
